// !$*UTF8*$!
{
	archiveVersion = 1;
	classes = {
	};
	objectVersion = 55;
	objects = {

/* Begin PBXBuildFile section */
		1A02468828D7D10C0045B54B /* LogInVoluntarioViewController.swift in Sources */ = {isa = PBXBuildFile; fileRef = 1A02468728D7D10C0045B54B /* LogInVoluntarioViewController.swift */; };
		1A02468A28D8B3D70045B54B /* LogInAdministradorViewController.swift in Sources */ = {isa = PBXBuildFile; fileRef = 1A02468928D8B3D70045B54B /* LogInAdministradorViewController.swift */; };
		1A026C5A28C8E49300632C31 /* VoluntarioIngresoViewController.swift in Sources */ = {isa = PBXBuildFile; fileRef = 1A026C5928C8E49300632C31 /* VoluntarioIngresoViewController.swift */; };
		1A2B972828C9665C00470ABF /* RegistroVoluntarioViewController.swift in Sources */ = {isa = PBXBuildFile; fileRef = 1A2B972728C9665B00470ABF /* RegistroVoluntarioViewController.swift */; };
		1A6E806528C795D300C195F7 /* AppDelegate.swift in Sources */ = {isa = PBXBuildFile; fileRef = 1A6E806428C795D300C195F7 /* AppDelegate.swift */; };
		1A6E806728C795D300C195F7 /* SceneDelegate.swift in Sources */ = {isa = PBXBuildFile; fileRef = 1A6E806628C795D300C195F7 /* SceneDelegate.swift */; };
		1A6E806928C795D300C195F7 /* ViewController.swift in Sources */ = {isa = PBXBuildFile; fileRef = 1A6E806828C795D300C195F7 /* ViewController.swift */; };
		1A6E806C28C795D300C195F7 /* Main.storyboard in Resources */ = {isa = PBXBuildFile; fileRef = 1A6E806A28C795D300C195F7 /* Main.storyboard */; };
		1A6E806E28C795D900C195F7 /* Assets.xcassets in Resources */ = {isa = PBXBuildFile; fileRef = 1A6E806D28C795D900C195F7 /* Assets.xcassets */; };
		1A6E807128C795D900C195F7 /* LaunchScreen.storyboard in Resources */ = {isa = PBXBuildFile; fileRef = 1A6E806F28C795D900C195F7 /* LaunchScreen.storyboard */; };
		F1330F8D28EF0D21004EA682 /* gradient.swift in Sources */ = {isa = PBXBuildFile; fileRef = F1330F8C28EF0D21004EA682 /* gradient.swift */; };
		F1330F8F28EF0D38004EA682 /* colors.swift in Sources */ = {isa = PBXBuildFile; fileRef = F1330F8E28EF0D38004EA682 /* colors.swift */; };
		F1330F9128EF0D58004EA682 /* DetalleProyectoViewController.swift in Sources */ = {isa = PBXBuildFile; fileRef = F1330F9028EF0D58004EA682 /* DetalleProyectoViewController.swift */; };
		F175E70828DA91B000AC01CB /* Model.swift in Sources */ = {isa = PBXBuildFile; fileRef = F175E70728DA91B000AC01CB /* Model.swift */; };
		FBD1566228E8C11500830139 /* ProyectosViewController.swift in Sources */ = {isa = PBXBuildFile; fileRef = FBD1566128E8C11500830139 /* ProyectosViewController.swift */; };
		FBF878BC28EC78180038A5AA /* ProjectCollectionViewCell.swift in Sources */ = {isa = PBXBuildFile; fileRef = FBF878BB28EC78180038A5AA /* ProjectCollectionViewCell.swift */; };
		FBF878BE28EC80510038A5AA /* projectList.swift in Sources */ = {isa = PBXBuildFile; fileRef = FBF878BD28EC80510038A5AA /* projectList.swift */; };
/* End PBXBuildFile section */

/* Begin PBXFileReference section */
		1A02468728D7D10C0045B54B /* LogInVoluntarioViewController.swift */ = {isa = PBXFileReference; lastKnownFileType = sourcecode.swift; path = LogInVoluntarioViewController.swift; sourceTree = "<group>"; };
		1A02468928D8B3D70045B54B /* LogInAdministradorViewController.swift */ = {isa = PBXFileReference; lastKnownFileType = sourcecode.swift; path = LogInAdministradorViewController.swift; sourceTree = "<group>"; };
		1A026C5928C8E49300632C31 /* VoluntarioIngresoViewController.swift */ = {isa = PBXFileReference; lastKnownFileType = sourcecode.swift; path = VoluntarioIngresoViewController.swift; sourceTree = "<group>"; };
		1A2B972728C9665B00470ABF /* RegistroVoluntarioViewController.swift */ = {isa = PBXFileReference; lastKnownFileType = sourcecode.swift; path = RegistroVoluntarioViewController.swift; sourceTree = "<group>"; };
		1A6E806128C795D300C195F7 /* appCaritasMty.app */ = {isa = PBXFileReference; explicitFileType = wrapper.application; includeInIndex = 0; path = appCaritasMty.app; sourceTree = BUILT_PRODUCTS_DIR; };
		1A6E806428C795D300C195F7 /* AppDelegate.swift */ = {isa = PBXFileReference; lastKnownFileType = sourcecode.swift; path = AppDelegate.swift; sourceTree = "<group>"; };
		1A6E806628C795D300C195F7 /* SceneDelegate.swift */ = {isa = PBXFileReference; lastKnownFileType = sourcecode.swift; path = SceneDelegate.swift; sourceTree = "<group>"; };
		1A6E806828C795D300C195F7 /* ViewController.swift */ = {isa = PBXFileReference; lastKnownFileType = sourcecode.swift; path = ViewController.swift; sourceTree = "<group>"; };
		1A6E806B28C795D300C195F7 /* Base */ = {isa = PBXFileReference; lastKnownFileType = file.storyboard; name = Base; path = Base.lproj/Main.storyboard; sourceTree = "<group>"; };
		1A6E806D28C795D900C195F7 /* Assets.xcassets */ = {isa = PBXFileReference; lastKnownFileType = folder.assetcatalog; path = Assets.xcassets; sourceTree = "<group>"; };
		1A6E807028C795D900C195F7 /* Base */ = {isa = PBXFileReference; lastKnownFileType = file.storyboard; name = Base; path = Base.lproj/LaunchScreen.storyboard; sourceTree = "<group>"; };
		1A6E807228C795D900C195F7 /* Info.plist */ = {isa = PBXFileReference; lastKnownFileType = text.plist.xml; path = Info.plist; sourceTree = "<group>"; };
		F1330F8C28EF0D21004EA682 /* gradient.swift */ = {isa = PBXFileReference; fileEncoding = 4; lastKnownFileType = sourcecode.swift; name = gradient.swift; path = "../../../../../Downloads/ScoopsAhoy-branchGeraldine-2/appCaritasMty/appCaritasMty/gradient.swift"; sourceTree = "<group>"; };
		F1330F8E28EF0D38004EA682 /* colors.swift */ = {isa = PBXFileReference; fileEncoding = 4; lastKnownFileType = sourcecode.swift; name = colors.swift; path = "../../../../../Downloads/ScoopsAhoy-branchGeraldine-2/appCaritasMty/appCaritasMty/colors.swift"; sourceTree = "<group>"; };
		F1330F9028EF0D58004EA682 /* DetalleProyectoViewController.swift */ = {isa = PBXFileReference; fileEncoding = 4; lastKnownFileType = sourcecode.swift; name = DetalleProyectoViewController.swift; path = "../../../../../../Downloads/ScoopsAhoy-branchGeraldine-2/appCaritasMty/appCaritasMty/Views/DetalleProyectoViewController.swift"; sourceTree = "<group>"; };
		F175E70728DA91B000AC01CB /* Model.swift */ = {isa = PBXFileReference; lastKnownFileType = sourcecode.swift; path = Model.swift; sourceTree = "<group>"; };
		FBD1566128E8C11500830139 /* ProyectosViewController.swift */ = {isa = PBXFileReference; lastKnownFileType = sourcecode.swift; path = ProyectosViewController.swift; sourceTree = "<group>"; };
		FBF878BB28EC78180038A5AA /* ProjectCollectionViewCell.swift */ = {isa = PBXFileReference; lastKnownFileType = sourcecode.swift; path = ProjectCollectionViewCell.swift; sourceTree = "<group>"; };
		FBF878BD28EC80510038A5AA /* projectList.swift */ = {isa = PBXFileReference; lastKnownFileType = sourcecode.swift; path = projectList.swift; sourceTree = "<group>"; };
/* End PBXFileReference section */

/* Begin PBXFrameworksBuildPhase section */
		1A6E805E28C795D300C195F7 /* Frameworks */ = {
			isa = PBXFrameworksBuildPhase;
			buildActionMask = 2147483647;
			files = (
			);
			runOnlyForDeploymentPostprocessing = 0;
		};
/* End PBXFrameworksBuildPhase section */

/* Begin PBXGroup section */
		1A026C5828C8E46900632C31 /* Views */ = {
			isa = PBXGroup;
			children = (
				F1330F9028EF0D58004EA682 /* DetalleProyectoViewController.swift */,
				FBD1566128E8C11500830139 /* ProyectosViewController.swift */,
				1A6E806828C795D300C195F7 /* ViewController.swift */,
				1A026C5928C8E49300632C31 /* VoluntarioIngresoViewController.swift */,
				1A2B972728C9665B00470ABF /* RegistroVoluntarioViewController.swift */,
				1A02468728D7D10C0045B54B /* LogInVoluntarioViewController.swift */,
				1A02468928D8B3D70045B54B /* LogInAdministradorViewController.swift */,
				FBF878BB28EC78180038A5AA /* ProjectCollectionViewCell.swift */,
			);
			path = Views;
			sourceTree = "<group>";
		};
		1A6E805828C795D300C195F7 = {
			isa = PBXGroup;
			children = (
				1A6E806328C795D300C195F7 /* appCaritasMty */,
				1A6E806228C795D300C195F7 /* Products */,
			);
			sourceTree = "<group>";
		};
		1A6E806228C795D300C195F7 /* Products */ = {
			isa = PBXGroup;
			children = (
				1A6E806128C795D300C195F7 /* appCaritasMty.app */,
			);
			name = Products;
			sourceTree = "<group>";
		};
		1A6E806328C795D300C195F7 /* appCaritasMty */ = {
			isa = PBXGroup;
			children = (
				1A026C5828C8E46900632C31 /* Views */,
				F175E70628DA918700AC01CB /* Model */,
				1A6E806428C795D300C195F7 /* AppDelegate.swift */,
				1A6E806628C795D300C195F7 /* SceneDelegate.swift */,
				1A6E806A28C795D300C195F7 /* Main.storyboard */,
				1A6E806D28C795D900C195F7 /* Assets.xcassets */,
				1A6E806F28C795D900C195F7 /* LaunchScreen.storyboard */,
				1A6E807228C795D900C195F7 /* Info.plist */,
				F1330F8C28EF0D21004EA682 /* gradient.swift */,
				F1330F8E28EF0D38004EA682 /* colors.swift */,
			);
			path = appCaritasMty;
			sourceTree = "<group>";
		};
		F175E70628DA918700AC01CB /* Model */ = {
			isa = PBXGroup;
			children = (
				FBF878BD28EC80510038A5AA /* projectList.swift */,
				F175E70728DA91B000AC01CB /* Model.swift */,
			);
			path = Model;
			sourceTree = "<group>";
		};
/* End PBXGroup section */

/* Begin PBXNativeTarget section */
		1A6E806028C795D300C195F7 /* appCaritasMty */ = {
			isa = PBXNativeTarget;
			buildConfigurationList = 1A6E807528C795D900C195F7 /* Build configuration list for PBXNativeTarget "appCaritasMty" */;
			buildPhases = (
				1A6E805D28C795D300C195F7 /* Sources */,
				1A6E805E28C795D300C195F7 /* Frameworks */,
				1A6E805F28C795D300C195F7 /* Resources */,
			);
			buildRules = (
			);
			dependencies = (
			);
			name = appCaritasMty;
			productName = appCaritasMty;
			productReference = 1A6E806128C795D300C195F7 /* appCaritasMty.app */;
			productType = "com.apple.product-type.application";
		};
/* End PBXNativeTarget section */

/* Begin PBXProject section */
		1A6E805928C795D300C195F7 /* Project object */ = {
			isa = PBXProject;
			attributes = {
				BuildIndependentTargetsInParallel = 1;
				LastSwiftUpdateCheck = 1340;
				LastUpgradeCheck = 1340;
				TargetAttributes = {
					1A6E806028C795D300C195F7 = {
						CreatedOnToolsVersion = 13.4.1;
					};
				};
			};
			buildConfigurationList = 1A6E805C28C795D300C195F7 /* Build configuration list for PBXProject "appCaritasMty" */;
			compatibilityVersion = "Xcode 13.0";
			developmentRegion = en;
			hasScannedForEncodings = 0;
			knownRegions = (
				en,
				Base,
			);
			mainGroup = 1A6E805828C795D300C195F7;
			productRefGroup = 1A6E806228C795D300C195F7 /* Products */;
			projectDirPath = "";
			projectRoot = "";
			targets = (
				1A6E806028C795D300C195F7 /* appCaritasMty */,
			);
		};
/* End PBXProject section */

/* Begin PBXResourcesBuildPhase section */
		1A6E805F28C795D300C195F7 /* Resources */ = {
			isa = PBXResourcesBuildPhase;
			buildActionMask = 2147483647;
			files = (
				1A6E807128C795D900C195F7 /* LaunchScreen.storyboard in Resources */,
				1A6E806E28C795D900C195F7 /* Assets.xcassets in Resources */,
				1A6E806C28C795D300C195F7 /* Main.storyboard in Resources */,
			);
			runOnlyForDeploymentPostprocessing = 0;
		};
/* End PBXResourcesBuildPhase section */

/* Begin PBXSourcesBuildPhase section */
		1A6E805D28C795D300C195F7 /* Sources */ = {
			isa = PBXSourcesBuildPhase;
			buildActionMask = 2147483647;
			files = (
				FBF878BC28EC78180038A5AA /* ProjectCollectionViewCell.swift in Sources */,
				F1330F9128EF0D58004EA682 /* DetalleProyectoViewController.swift in Sources */,
				1A6E806928C795D300C195F7 /* ViewController.swift in Sources */,
				1A2B972828C9665C00470ABF /* RegistroVoluntarioViewController.swift in Sources */,
				FBD1566228E8C11500830139 /* ProyectosViewController.swift in Sources */,
				1A026C5A28C8E49300632C31 /* VoluntarioIngresoViewController.swift in Sources */,
				F1330F8F28EF0D38004EA682 /* colors.swift in Sources */,
				1A02468828D7D10C0045B54B /* LogInVoluntarioViewController.swift in Sources */,
				1A6E806528C795D300C195F7 /* AppDelegate.swift in Sources */,
				F1330F8D28EF0D21004EA682 /* gradient.swift in Sources */,
				FBF878BE28EC80510038A5AA /* projectList.swift in Sources */,
				1A02468A28D8B3D70045B54B /* LogInAdministradorViewController.swift in Sources */,
				1A6E806728C795D300C195F7 /* SceneDelegate.swift in Sources */,
				F175E70828DA91B000AC01CB /* Model.swift in Sources */,
			);
			runOnlyForDeploymentPostprocessing = 0;
		};
/* End PBXSourcesBuildPhase section */

/* Begin PBXVariantGroup section */
		1A6E806A28C795D300C195F7 /* Main.storyboard */ = {
			isa = PBXVariantGroup;
			children = (
				1A6E806B28C795D300C195F7 /* Base */,
			);
			name = Main.storyboard;
			sourceTree = "<group>";
		};
		1A6E806F28C795D900C195F7 /* LaunchScreen.storyboard */ = {
			isa = PBXVariantGroup;
			children = (
				1A6E807028C795D900C195F7 /* Base */,
			);
			name = LaunchScreen.storyboard;
			sourceTree = "<group>";
		};
/* End PBXVariantGroup section */

/* Begin XCBuildConfiguration section */
		1A6E807328C795D900C195F7 /* Debug */ = {
			isa = XCBuildConfiguration;
			buildSettings = {
				ALWAYS_SEARCH_USER_PATHS = NO;
				CLANG_ANALYZER_NONNULL = YES;
				CLANG_ANALYZER_NUMBER_OBJECT_CONVERSION = YES_AGGRESSIVE;
				CLANG_CXX_LANGUAGE_STANDARD = "gnu++17";
				CLANG_ENABLE_MODULES = YES;
				CLANG_ENABLE_OBJC_ARC = YES;
				CLANG_ENABLE_OBJC_WEAK = YES;
				CLANG_WARN_BLOCK_CAPTURE_AUTORELEASING = YES;
				CLANG_WARN_BOOL_CONVERSION = YES;
				CLANG_WARN_COMMA = YES;
				CLANG_WARN_CONSTANT_CONVERSION = YES;
				CLANG_WARN_DEPRECATED_OBJC_IMPLEMENTATIONS = YES;
				CLANG_WARN_DIRECT_OBJC_ISA_USAGE = YES_ERROR;
				CLANG_WARN_DOCUMENTATION_COMMENTS = YES;
				CLANG_WARN_EMPTY_BODY = YES;
				CLANG_WARN_ENUM_CONVERSION = YES;
				CLANG_WARN_INFINITE_RECURSION = YES;
				CLANG_WARN_INT_CONVERSION = YES;
				CLANG_WARN_NON_LITERAL_NULL_CONVERSION = YES;
				CLANG_WARN_OBJC_IMPLICIT_RETAIN_SELF = YES;
				CLANG_WARN_OBJC_LITERAL_CONVERSION = YES;
				CLANG_WARN_OBJC_ROOT_CLASS = YES_ERROR;
				CLANG_WARN_QUOTED_INCLUDE_IN_FRAMEWORK_HEADER = YES;
				CLANG_WARN_RANGE_LOOP_ANALYSIS = YES;
				CLANG_WARN_STRICT_PROTOTYPES = YES;
				CLANG_WARN_SUSPICIOUS_MOVE = YES;
				CLANG_WARN_UNGUARDED_AVAILABILITY = YES_AGGRESSIVE;
				CLANG_WARN_UNREACHABLE_CODE = YES;
				CLANG_WARN__DUPLICATE_METHOD_MATCH = YES;
				COPY_PHASE_STRIP = NO;
				DEBUG_INFORMATION_FORMAT = dwarf;
				ENABLE_STRICT_OBJC_MSGSEND = YES;
				ENABLE_TESTABILITY = YES;
				GCC_C_LANGUAGE_STANDARD = gnu11;
				GCC_DYNAMIC_NO_PIC = NO;
				GCC_NO_COMMON_BLOCKS = YES;
				GCC_OPTIMIZATION_LEVEL = 0;
				GCC_PREPROCESSOR_DEFINITIONS = (
					"DEBUG=1",
					"$(inherited)",
				);
				GCC_WARN_64_TO_32_BIT_CONVERSION = YES;
				GCC_WARN_ABOUT_RETURN_TYPE = YES_ERROR;
				GCC_WARN_UNDECLARED_SELECTOR = YES;
				GCC_WARN_UNINITIALIZED_AUTOS = YES_AGGRESSIVE;
				GCC_WARN_UNUSED_FUNCTION = YES;
				GCC_WARN_UNUSED_VARIABLE = YES;
				IPHONEOS_DEPLOYMENT_TARGET = 15.5;
				MTL_ENABLE_DEBUG_INFO = INCLUDE_SOURCE;
				MTL_FAST_MATH = YES;
				ONLY_ACTIVE_ARCH = YES;
				SDKROOT = iphoneos;
				SWIFT_ACTIVE_COMPILATION_CONDITIONS = DEBUG;
				SWIFT_OPTIMIZATION_LEVEL = "-Onone";
			};
			name = Debug;
		};
		1A6E807428C795D900C195F7 /* Release */ = {
			isa = XCBuildConfiguration;
			buildSettings = {
				ALWAYS_SEARCH_USER_PATHS = NO;
				CLANG_ANALYZER_NONNULL = YES;
				CLANG_ANALYZER_NUMBER_OBJECT_CONVERSION = YES_AGGRESSIVE;
				CLANG_CXX_LANGUAGE_STANDARD = "gnu++17";
				CLANG_ENABLE_MODULES = YES;
				CLANG_ENABLE_OBJC_ARC = YES;
				CLANG_ENABLE_OBJC_WEAK = YES;
				CLANG_WARN_BLOCK_CAPTURE_AUTORELEASING = YES;
				CLANG_WARN_BOOL_CONVERSION = YES;
				CLANG_WARN_COMMA = YES;
				CLANG_WARN_CONSTANT_CONVERSION = YES;
				CLANG_WARN_DEPRECATED_OBJC_IMPLEMENTATIONS = YES;
				CLANG_WARN_DIRECT_OBJC_ISA_USAGE = YES_ERROR;
				CLANG_WARN_DOCUMENTATION_COMMENTS = YES;
				CLANG_WARN_EMPTY_BODY = YES;
				CLANG_WARN_ENUM_CONVERSION = YES;
				CLANG_WARN_INFINITE_RECURSION = YES;
				CLANG_WARN_INT_CONVERSION = YES;
				CLANG_WARN_NON_LITERAL_NULL_CONVERSION = YES;
				CLANG_WARN_OBJC_IMPLICIT_RETAIN_SELF = YES;
				CLANG_WARN_OBJC_LITERAL_CONVERSION = YES;
				CLANG_WARN_OBJC_ROOT_CLASS = YES_ERROR;
				CLANG_WARN_QUOTED_INCLUDE_IN_FRAMEWORK_HEADER = YES;
				CLANG_WARN_RANGE_LOOP_ANALYSIS = YES;
				CLANG_WARN_STRICT_PROTOTYPES = YES;
				CLANG_WARN_SUSPICIOUS_MOVE = YES;
				CLANG_WARN_UNGUARDED_AVAILABILITY = YES_AGGRESSIVE;
				CLANG_WARN_UNREACHABLE_CODE = YES;
				CLANG_WARN__DUPLICATE_METHOD_MATCH = YES;
				COPY_PHASE_STRIP = NO;
				DEBUG_INFORMATION_FORMAT = "dwarf-with-dsym";
				ENABLE_NS_ASSERTIONS = NO;
				ENABLE_STRICT_OBJC_MSGSEND = YES;
				GCC_C_LANGUAGE_STANDARD = gnu11;
				GCC_NO_COMMON_BLOCKS = YES;
				GCC_WARN_64_TO_32_BIT_CONVERSION = YES;
				GCC_WARN_ABOUT_RETURN_TYPE = YES_ERROR;
				GCC_WARN_UNDECLARED_SELECTOR = YES;
				GCC_WARN_UNINITIALIZED_AUTOS = YES_AGGRESSIVE;
				GCC_WARN_UNUSED_FUNCTION = YES;
				GCC_WARN_UNUSED_VARIABLE = YES;
				IPHONEOS_DEPLOYMENT_TARGET = 15.5;
				MTL_ENABLE_DEBUG_INFO = NO;
				MTL_FAST_MATH = YES;
				SDKROOT = iphoneos;
				SWIFT_COMPILATION_MODE = wholemodule;
				SWIFT_OPTIMIZATION_LEVEL = "-O";
				VALIDATE_PRODUCT = YES;
			};
			name = Release;
		};
		1A6E807628C795D900C195F7 /* Debug */ = {
			isa = XCBuildConfiguration;
			buildSettings = {
				ASSETCATALOG_COMPILER_APPICON_NAME = AppIcon;
				ASSETCATALOG_COMPILER_GLOBAL_ACCENT_COLOR_NAME = AccentColor;
				CODE_SIGN_STYLE = Automatic;
				CURRENT_PROJECT_VERSION = 1;
				DEVELOPMENT_TEAM = 3GS9752UVQ;
				GENERATE_INFOPLIST_FILE = YES;
				INFOPLIST_FILE = appCaritasMty/Info.plist;
				INFOPLIST_KEY_UIApplicationSupportsIndirectInputEvents = YES;
				INFOPLIST_KEY_UILaunchStoryboardName = LaunchScreen;
				INFOPLIST_KEY_UIMainStoryboardFile = Main;
				INFOPLIST_KEY_UISupportedInterfaceOrientations = UIInterfaceOrientationPortrait;
				INFOPLIST_KEY_UISupportedInterfaceOrientations_iPad = "UIInterfaceOrientationPortrait UIInterfaceOrientationPortraitUpsideDown UIInterfaceOrientationLandscapeLeft UIInterfaceOrientationLandscapeRight";
				INFOPLIST_KEY_UISupportedInterfaceOrientations_iPhone = "UIInterfaceOrientationPortrait UIInterfaceOrientationLandscapeLeft UIInterfaceOrientationLandscapeRight";
				LD_RUNPATH_SEARCH_PATHS = (
					"$(inherited)",
					"@executable_path/Frameworks",
				);
				MARKETING_VERSION = 1.0;
				PRODUCT_BUNDLE_IDENTIFIER = scoopsahoy.appCaritasMty;
				PRODUCT_NAME = "$(TARGET_NAME)";
				SWIFT_EMIT_LOC_STRINGS = YES;
				SWIFT_VERSION = 5.0;
				TARGETED_DEVICE_FAMILY = "1,2";
			};
			name = Debug;
		};
		1A6E807728C795D900C195F7 /* Release */ = {
			isa = XCBuildConfiguration;
			buildSettings = {
				ASSETCATALOG_COMPILER_APPICON_NAME = AppIcon;
				ASSETCATALOG_COMPILER_GLOBAL_ACCENT_COLOR_NAME = AccentColor;
				CODE_SIGN_STYLE = Automatic;
				CURRENT_PROJECT_VERSION = 1;
				DEVELOPMENT_TEAM = 3GS9752UVQ;
				GENERATE_INFOPLIST_FILE = YES;
				INFOPLIST_FILE = appCaritasMty/Info.plist;
				INFOPLIST_KEY_UIApplicationSupportsIndirectInputEvents = YES;
				INFOPLIST_KEY_UILaunchStoryboardName = LaunchScreen;
				INFOPLIST_KEY_UIMainStoryboardFile = Main;
				INFOPLIST_KEY_UISupportedInterfaceOrientations = UIInterfaceOrientationPortrait;
				INFOPLIST_KEY_UISupportedInterfaceOrientations_iPad = "UIInterfaceOrientationPortrait UIInterfaceOrientationPortraitUpsideDown UIInterfaceOrientationLandscapeLeft UIInterfaceOrientationLandscapeRight";
				INFOPLIST_KEY_UISupportedInterfaceOrientations_iPhone = "UIInterfaceOrientationPortrait UIInterfaceOrientationLandscapeLeft UIInterfaceOrientationLandscapeRight";
				LD_RUNPATH_SEARCH_PATHS = (
					"$(inherited)",
					"@executable_path/Frameworks",
				);
				MARKETING_VERSION = 1.0;
				PRODUCT_BUNDLE_IDENTIFIER = scoopsahoy.appCaritasMty;
				PRODUCT_NAME = "$(TARGET_NAME)";
				SWIFT_EMIT_LOC_STRINGS = YES;
				SWIFT_VERSION = 5.0;
				TARGETED_DEVICE_FAMILY = "1,2";
			};
			name = Release;
		};
/* End XCBuildConfiguration section */

/* Begin XCConfigurationList section */
		1A6E805C28C795D300C195F7 /* Build configuration list for PBXProject "appCaritasMty" */ = {
			isa = XCConfigurationList;
			buildConfigurations = (
				1A6E807328C795D900C195F7 /* Debug */,
				1A6E807428C795D900C195F7 /* Release */,
			);
			defaultConfigurationIsVisible = 0;
			defaultConfigurationName = Release;
		};
		1A6E807528C795D900C195F7 /* Build configuration list for PBXNativeTarget "appCaritasMty" */ = {
			isa = XCConfigurationList;
			buildConfigurations = (
				1A6E807628C795D900C195F7 /* Debug */,
				1A6E807728C795D900C195F7 /* Release */,
			);
			defaultConfigurationIsVisible = 0;
			defaultConfigurationName = Release;
		};
/* End XCConfigurationList section */
	};
	rootObject = 1A6E805928C795D300C195F7 /* Project object */;
}
